Microsoft Visual Studio Solution File, Format Version 12.00
# Visual Studio 2012
Project("{FAE04EC0-301F-11D3-BF4B-00C04F79EFBC}") = "New Game Project", "New Game Project.csproj", "{9C1DDDD7-AE7C-4F10-85A9-C66C8AF65CDA}"
EndProject
Global
	GlobalSection(SolutionConfigurationPlatforms) = preSolution
	Debug|Any CPU = Debug|Any CPU
	ExportDebug|Any CPU = ExportDebug|Any CPU
	ExportRelease|Any CPU = ExportRelease|Any CPU
	EndGlobalSection
	GlobalSection(ProjectConfigurationPlatforms) = postSolution
		{9C1DDDD7-AE7C-4F10-85A9-C66C8AF65CDA}.Debug|Any CPU.ActiveCfg = Debug|Any CPU
		{9C1DDDD7-AE7C-4F10-85A9-C66C8AF65CDA}.Debug|Any CPU.Build.0 = Debug|Any CPU
		{9C1DDDD7-AE7C-4F10-85A9-C66C8AF65CDA}.ExportDebug|Any CPU.ActiveCfg = ExportDebug|Any CPU
		{9C1DDDD7-AE7C-4F10-85A9-C66C8AF65CDA}.ExportDebug|Any CPU.Build.0 = ExportDebug|Any CPU
		{9C1DDDD7-AE7C-4F10-85A9-C66C8AF65CDA}.ExportRelease|Any CPU.ActiveCfg = ExportRelease|Any CPU
		{9C1DDDD7-AE7C-4F10-85A9-C66C8AF65CDA}.ExportRelease|Any CPU.Build.0 = ExportRelease|Any CPU
	EndGlobalSection
EndGlobal
